
Microsoft Visual Studio Solution File, Format Version 12.00
# Visual Studio Express 2012 for Windows Desktop
Project("{FAE04EC0-301F-11D3-BF4B-00C04F79EFBC}") = "tassonomie e interfacce", "tassonomie e interfacce\tassonomie e interfacce.csproj", "{4AB82BEC-5620-4B4F-808F-32A3D79E8291}"
EndProject
Global
	GlobalSection(SolutionConfigurationPlatforms) = preSolution
		Debug|Any CPU = Debug|Any CPU
		Release|Any CPU = Release|Any CPU
	EndGlobalSection
	GlobalSection(ProjectConfigurationPlatforms) = postSolution
		{4AB82BEC-5620-4B4F-808F-32A3D79E8291}.Debug|Any CPU.ActiveCfg = Debug|Any CPU
		{4AB82BEC-5620-4B4F-808F-32A3D79E8291}.Debug|Any CPU.Build.0 = Debug|Any CPU
		{4AB82BEC-5620-4B4F-808F-32A3D79E8291}.Release|Any CPU.ActiveCfg = Release|Any CPU
		{4AB82BEC-5620-4B4F-808F-32A3D79E8291}.Release|Any CPU.Build.0 = Release|Any CPU
	EndGlobalSection
	GlobalSection(SolutionProperties) = preSolution
		HideSolutionNode = FALSE
	EndGlobalSection
EndGlobal
